// !$*UTF8*$!
{
	archiveVersion = 1;
	classes = {
	};
	objectVersion = 56;
	objects = {

/* Begin PBXBuildFile section */
		04EF9CDE2B39113700D37C37 /* HotasRemapperApp.swift in Sources */ = {isa = PBXBuildFile; fileRef = 04EF9CDD2B39113700D37C37 /* HotasRemapperApp.swift */; };
		04EF9CE02B39113700D37C37 /* ContentView.swift in Sources */ = {isa = PBXBuildFile; fileRef = 04EF9CDF2B39113700D37C37 /* ContentView.swift */; };
		04EF9CE22B39113700D37C37 /* Assets.xcassets in Resources */ = {isa = PBXBuildFile; fileRef = 04EF9CE12B39113700D37C37 /* Assets.xcassets */; };
		04EF9CE52B39113700D37C37 /* Preview Assets.xcassets in Resources */ = {isa = PBXBuildFile; fileRef = 04EF9CE42B39113700D37C37 /* Preview Assets.xcassets */; };
		04EF9CFB2B392B7600D37C37 /* libHotasRemapperLib.a in Frameworks */ = {isa = PBXBuildFile; fileRef = 04EF9CF22B3926B500D37C37 /* libHotasRemapperLib.a */; };
/* End PBXBuildFile section */

/* Begin PBXContainerItemProxy section */
		04EF9CF12B3926B500D37C37 /* PBXContainerItemProxy */ = {
			isa = PBXContainerItemProxy;
			containerPortal = 04EF9CEC2B3926B500D37C37 /* HotasRemapperLib.xcodeproj */;
			proxyType = 2;
			remoteGlobalIDString = CA0097CEC5BDEE664463BF8F;
			remoteInfo = "HotasRemapperLib-staticlib";
		};
		04EF9CF32B3926B500D37C37 /* PBXContainerItemProxy */ = {
			isa = PBXContainerItemProxy;
			containerPortal = 04EF9CEC2B3926B500D37C37 /* HotasRemapperLib.xcodeproj */;
			proxyType = 2;
			remoteGlobalIDString = CA01408E4ACD7B20BD6545F4;
			remoteInfo = "HotasRemapperLib-bin";
		};
/* End PBXContainerItemProxy section */

/* Begin PBXFileReference section */
		04EF9CDA2B39113700D37C37 /* HotasRemapper.app */ = {isa = PBXFileReference; explicitFileType = wrapper.application; includeInIndex = 0; path = HotasRemapper.app; sourceTree = BUILT_PRODUCTS_DIR; };
		04EF9CDD2B39113700D37C37 /* HotasRemapperApp.swift */ = {isa = PBXFileReference; lastKnownFileType = sourcecode.swift; path = HotasRemapperApp.swift; sourceTree = "<group>"; };
		04EF9CDF2B39113700D37C37 /* ContentView.swift */ = {isa = PBXFileReference; lastKnownFileType = sourcecode.swift; path = ContentView.swift; sourceTree = "<group>"; };
		04EF9CE12B39113700D37C37 /* Assets.xcassets */ = {isa = PBXFileReference; lastKnownFileType = folder.assetcatalog; path = Assets.xcassets; sourceTree = "<group>"; };
		04EF9CE42B39113700D37C37 /* Preview Assets.xcassets */ = {isa = PBXFileReference; lastKnownFileType = folder.assetcatalog; path = "Preview Assets.xcassets"; sourceTree = "<group>"; };
		04EF9CE62B39113700D37C37 /* HotasRemapper.entitlements */ = {isa = PBXFileReference; lastKnownFileType = text.plist.entitlements; path = HotasRemapper.entitlements; sourceTree = "<group>"; };
		04EF9CEC2B3926B500D37C37 /* HotasRemapperLib.xcodeproj */ = {isa = PBXFileReference; lastKnownFileType = "wrapper.pb-project"; name = HotasRemapperLib.xcodeproj; path = HotasRemapperLib/HotasRemapperLib.xcodeproj; sourceTree = "<group>"; };
		04EF9CF72B3929A200D37C37 /* HotasRemapper-Bridging-Header.h */ = {isa = PBXFileReference; lastKnownFileType = sourcecode.c.h; path = "HotasRemapper-Bridging-Header.h"; sourceTree = "<group>"; };
		04EF9CF82B3929A200D37C37 /* HotasRemapperLib.h */ = {isa = PBXFileReference; lastKnownFileType = sourcecode.c.h; path = HotasRemapperLib.h; sourceTree = "<group>"; };
/* End PBXFileReference section */

/* Begin PBXFrameworksBuildPhase section */
		04EF9CD72B39113700D37C37 /* Frameworks */ = {
			isa = PBXFrameworksBuildPhase;
			buildActionMask = 2147483647;
			files = (
				04EF9CFB2B392B7600D37C37 /* libHotasRemapperLib.a in Frameworks */,
			);
			runOnlyForDeploymentPostprocessing = 0;
		};
/* End PBXFrameworksBuildPhase section */

/* Begin PBXGroup section */
		04EF9CD12B39113700D37C37 = {
			isa = PBXGroup;
			children = (
				04EF9CEC2B3926B500D37C37 /* HotasRemapperLib.xcodeproj */,
				04EF9CDC2B39113700D37C37 /* HotasRemapper */,
				04EF9CDB2B39113700D37C37 /* Products */,
				04EF9CF52B3926E900D37C37 /* Frameworks */,
			);
			sourceTree = "<group>";
		};
		04EF9CDB2B39113700D37C37 /* Products */ = {
			isa = PBXGroup;
			children = (
				04EF9CDA2B39113700D37C37 /* HotasRemapper.app */,
			);
			name = Products;
			sourceTree = "<group>";
		};
		04EF9CDC2B39113700D37C37 /* HotasRemapper */ = {
			isa = PBXGroup;
			children = (
				04EF9CDD2B39113700D37C37 /* HotasRemapperApp.swift */,
				04EF9CDF2B39113700D37C37 /* ContentView.swift */,
				04EF9CE12B39113700D37C37 /* Assets.xcassets */,
				04EF9CE62B39113700D37C37 /* HotasRemapper.entitlements */,
				04EF9CE32B39113700D37C37 /* Preview Content */,
				04EF9CF82B3929A200D37C37 /* HotasRemapperLib.h */,
				04EF9CF72B3929A200D37C37 /* HotasRemapper-Bridging-Header.h */,
			);
			path = HotasRemapper;
			sourceTree = "<group>";
		};
		04EF9CE32B39113700D37C37 /* Preview Content */ = {
			isa = PBXGroup;
			children = (
				04EF9CE42B39113700D37C37 /* Preview Assets.xcassets */,
			);
			path = "Preview Content";
			sourceTree = "<group>";
		};
		04EF9CED2B3926B500D37C37 /* Products */ = {
			isa = PBXGroup;
			children = (
				04EF9CF22B3926B500D37C37 /* libHotasRemapperLib.a */,
				04EF9CF42B3926B500D37C37 /* HotasRemapperLib */,
			);
			name = Products;
			sourceTree = "<group>";
		};
		04EF9CF52B3926E900D37C37 /* Frameworks */ = {
			isa = PBXGroup;
			children = (
			);
			name = Frameworks;
			sourceTree = "<group>";
		};
/* End PBXGroup section */

/* Begin PBXNativeTarget section */
		04EF9CD92B39113700D37C37 /* HotasRemapper */ = {
			isa = PBXNativeTarget;
			buildConfigurationList = 04EF9CE92B39113700D37C37 /* Build configuration list for PBXNativeTarget "HotasRemapper" */;
			buildPhases = (
				04EF9CD62B39113700D37C37 /* Sources */,
				04EF9CD72B39113700D37C37 /* Frameworks */,
				04EF9CD82B39113700D37C37 /* Resources */,
			);
			buildRules = (
			);
			dependencies = (
			);
			name = HotasRemapper;
			productName = HotasRemapper;
			productReference = 04EF9CDA2B39113700D37C37 /* HotasRemapper.app */;
			productType = "com.apple.product-type.application";
		};
/* End PBXNativeTarget section */

/* Begin PBXProject section */
		04EF9CD22B39113700D37C37 /* Project object */ = {
			isa = PBXProject;
			attributes = {
				BuildIndependentTargetsInParallel = 1;
				LastSwiftUpdateCheck = 1510;
				LastUpgradeCheck = 1510;
				TargetAttributes = {
					04EF9CD92B39113700D37C37 = {
						CreatedOnToolsVersion = 15.1;
						LastSwiftMigration = 1510;
					};
				};
			};
			buildConfigurationList = 04EF9CD52B39113700D37C37 /* Build configuration list for PBXProject "HotasRemapper" */;
			compatibilityVersion = "Xcode 14.0";
			developmentRegion = en;
			hasScannedForEncodings = 0;
			knownRegions = (
				en,
				Base,
			);
			mainGroup = 04EF9CD12B39113700D37C37;
			productRefGroup = 04EF9CDB2B39113700D37C37 /* Products */;
			projectDirPath = "";
			projectReferences = (
				{
					ProductGroup = 04EF9CED2B3926B500D37C37 /* Products */;
					ProjectRef = 04EF9CEC2B3926B500D37C37 /* HotasRemapperLib.xcodeproj */;
				},
			);
			projectRoot = "";
			targets = (
				04EF9CD92B39113700D37C37 /* HotasRemapper */,
			);
		};
/* End PBXProject section */

/* Begin PBXReferenceProxy section */
		04EF9CF22B3926B500D37C37 /* libHotasRemapperLib.a */ = {
			isa = PBXReferenceProxy;
			fileType = archive.ar;
			path = libHotasRemapperLib.a;
			remoteRef = 04EF9CF12B3926B500D37C37 /* PBXContainerItemProxy */;
			sourceTree = BUILT_PRODUCTS_DIR;
		};
		04EF9CF42B3926B500D37C37 /* HotasRemapperLib */ = {
			isa = PBXReferenceProxy;
			fileType = "compiled.mach-o.executable";
			path = HotasRemapperLib;
			remoteRef = 04EF9CF32B3926B500D37C37 /* PBXContainerItemProxy */;
			sourceTree = BUILT_PRODUCTS_DIR;
		};
/* End PBXReferenceProxy section */

/* Begin PBXResourcesBuildPhase section */
		04EF9CD82B39113700D37C37 /* Resources */ = {
			isa = PBXResourcesBuildPhase;
			buildActionMask = 2147483647;
			files = (
				04EF9CE52B39113700D37C37 /* Preview Assets.xcassets in Resources */,
				04EF9CE22B39113700D37C37 /* Assets.xcassets in Resources */,
			);
			runOnlyForDeploymentPostprocessing = 0;
		};
/* End PBXResourcesBuildPhase section */

/* Begin PBXSourcesBuildPhase section */
		04EF9CD62B39113700D37C37 /* Sources */ = {
			isa = PBXSourcesBuildPhase;
			buildActionMask = 2147483647;
			files = (
				04EF9CE02B39113700D37C37 /* ContentView.swift in Sources */,
				04EF9CDE2B39113700D37C37 /* HotasRemapperApp.swift in Sources */,
			);
			runOnlyForDeploymentPostprocessing = 0;
		};
/* End PBXSourcesBuildPhase section */

/* Begin XCBuildConfiguration section */
		04EF9CE72B39113700D37C37 /* Debug */ = {
			isa = XCBuildConfiguration;
			buildSettings = {
				ALWAYS_SEARCH_USER_PATHS = NO;
				ASSETCATALOG_COMPILER_GENERATE_SWIFT_ASSET_SYMBOL_EXTENSIONS = YES;
				CLANG_ANALYZER_NONNULL = YES;
				CLANG_ANALYZER_NUMBER_OBJECT_CONVERSION = YES_AGGRESSIVE;
				CLANG_CXX_LANGUAGE_STANDARD = "gnu++20";
				CLANG_ENABLE_MODULES = YES;
				CLANG_ENABLE_OBJC_ARC = YES;
				CLANG_ENABLE_OBJC_WEAK = YES;
				CLANG_WARN_BLOCK_CAPTURE_AUTORELEASING = YES;
				CLANG_WARN_BOOL_CONVERSION = YES;
				CLANG_WARN_COMMA = YES;
				CLANG_WARN_CONSTANT_CONVERSION = YES;
				CLANG_WARN_DEPRECATED_OBJC_IMPLEMENTATIONS = YES;
				CLANG_WARN_DIRECT_OBJC_ISA_USAGE = YES_ERROR;
				CLANG_WARN_DOCUMENTATION_COMMENTS = YES;
				CLANG_WARN_EMPTY_BODY = YES;
				CLANG_WARN_ENUM_CONVERSION = YES;
				CLANG_WARN_INFINITE_RECURSION = YES;
				CLANG_WARN_INT_CONVERSION = YES;
				CLANG_WARN_NON_LITERAL_NULL_CONVERSION = YES;
				CLANG_WARN_OBJC_IMPLICIT_RETAIN_SELF = YES;
				CLANG_WARN_OBJC_LITERAL_CONVERSION = YES;
				CLANG_WARN_OBJC_ROOT_CLASS = YES_ERROR;
				CLANG_WARN_QUOTED_INCLUDE_IN_FRAMEWORK_HEADER = YES;
				CLANG_WARN_RANGE_LOOP_ANALYSIS = YES;
				CLANG_WARN_STRICT_PROTOTYPES = YES;
				CLANG_WARN_SUSPICIOUS_MOVE = YES;
				CLANG_WARN_UNGUARDED_AVAILABILITY = YES_AGGRESSIVE;
				CLANG_WARN_UNREACHABLE_CODE = YES;
				CLANG_WARN__DUPLICATE_METHOD_MATCH = YES;
				COPY_PHASE_STRIP = NO;
				DEBUG_INFORMATION_FORMAT = dwarf;
				ENABLE_STRICT_OBJC_MSGSEND = YES;
				ENABLE_TESTABILITY = YES;
				ENABLE_USER_SCRIPT_SANDBOXING = YES;
				GCC_C_LANGUAGE_STANDARD = gnu17;
				GCC_DYNAMIC_NO_PIC = NO;
				GCC_NO_COMMON_BLOCKS = YES;
				GCC_OPTIMIZATION_LEVEL = 0;
				GCC_PREPROCESSOR_DEFINITIONS = (
					"DEBUG=1",
					"$(inherited)",
				);
				GCC_WARN_64_TO_32_BIT_CONVERSION = YES;
				GCC_WARN_ABOUT_RETURN_TYPE = YES_ERROR;
				GCC_WARN_UNDECLARED_SELECTOR = YES;
				GCC_WARN_UNINITIALIZED_AUTOS = YES_AGGRESSIVE;
				GCC_WARN_UNUSED_FUNCTION = YES;
				GCC_WARN_UNUSED_VARIABLE = YES;
				LOCALIZATION_PREFERS_STRING_CATALOGS = YES;
				MACOSX_DEPLOYMENT_TARGET = 14.2;
				MTL_ENABLE_DEBUG_INFO = INCLUDE_SOURCE;
				MTL_FAST_MATH = YES;
				ONLY_ACTIVE_ARCH = YES;
				SDKROOT = macosx;
				SWIFT_ACTIVE_COMPILATION_CONDITIONS = "DEBUG $(inherited)";
				SWIFT_OPTIMIZATION_LEVEL = "-Onone";
			};
			name = Debug;
		};
		04EF9CE82B39113700D37C37 /* Release */ = {
			isa = XCBuildConfiguration;
			buildSettings = {
				ALWAYS_SEARCH_USER_PATHS = NO;
				ASSETCATALOG_COMPILER_GENERATE_SWIFT_ASSET_SYMBOL_EXTENSIONS = YES;
				CLANG_ANALYZER_NONNULL = YES;
				CLANG_ANALYZER_NUMBER_OBJECT_CONVERSION = YES_AGGRESSIVE;
				CLANG_CXX_LANGUAGE_STANDARD = "gnu++20";
				CLANG_ENABLE_MODULES = YES;
				CLANG_ENABLE_OBJC_ARC = YES;
				CLANG_ENABLE_OBJC_WEAK = YES;
				CLANG_WARN_BLOCK_CAPTURE_AUTORELEASING = YES;
				CLANG_WARN_BOOL_CONVERSION = YES;
				CLANG_WARN_COMMA = YES;
				CLANG_WARN_CONSTANT_CONVERSION = YES;
				CLANG_WARN_DEPRECATED_OBJC_IMPLEMENTATIONS = YES;
				CLANG_WARN_DIRECT_OBJC_ISA_USAGE = YES_ERROR;
				CLANG_WARN_DOCUMENTATION_COMMENTS = YES;
				CLANG_WARN_EMPTY_BODY = YES;
				CLANG_WARN_ENUM_CONVERSION = YES;
				CLANG_WARN_INFINITE_RECURSION = YES;
				CLANG_WARN_INT_CONVERSION = YES;
				CLANG_WARN_NON_LITERAL_NULL_CONVERSION = YES;
				CLANG_WARN_OBJC_IMPLICIT_RETAIN_SELF = YES;
				CLANG_WARN_OBJC_LITERAL_CONVERSION = YES;
				CLANG_WARN_OBJC_ROOT_CLASS = YES_ERROR;
				CLANG_WARN_QUOTED_INCLUDE_IN_FRAMEWORK_HEADER = YES;
				CLANG_WARN_RANGE_LOOP_ANALYSIS = YES;
				CLANG_WARN_STRICT_PROTOTYPES = YES;
				CLANG_WARN_SUSPICIOUS_MOVE = YES;
				CLANG_WARN_UNGUARDED_AVAILABILITY = YES_AGGRESSIVE;
				CLANG_WARN_UNREACHABLE_CODE = YES;
				CLANG_WARN__DUPLICATE_METHOD_MATCH = YES;
				COPY_PHASE_STRIP = NO;
				DEBUG_INFORMATION_FORMAT = "dwarf-with-dsym";
				ENABLE_NS_ASSERTIONS = NO;
				ENABLE_STRICT_OBJC_MSGSEND = YES;
				ENABLE_USER_SCRIPT_SANDBOXING = YES;
				GCC_C_LANGUAGE_STANDARD = gnu17;
				GCC_NO_COMMON_BLOCKS = YES;
				GCC_WARN_64_TO_32_BIT_CONVERSION = YES;
				GCC_WARN_ABOUT_RETURN_TYPE = YES_ERROR;
				GCC_WARN_UNDECLARED_SELECTOR = YES;
				GCC_WARN_UNINITIALIZED_AUTOS = YES_AGGRESSIVE;
				GCC_WARN_UNUSED_FUNCTION = YES;
				GCC_WARN_UNUSED_VARIABLE = YES;
				LOCALIZATION_PREFERS_STRING_CATALOGS = YES;
				MACOSX_DEPLOYMENT_TARGET = 14.2;
				MTL_ENABLE_DEBUG_INFO = NO;
				MTL_FAST_MATH = YES;
				SDKROOT = macosx;
				SWIFT_COMPILATION_MODE = wholemodule;
			};
			name = Release;
		};
		04EF9CEA2B39113700D37C37 /* Debug */ = {
			isa = XCBuildConfiguration;
			buildSettings = {
				ASSETCATALOG_COMPILER_APPICON_NAME = AppIcon;
				ASSETCATALOG_COMPILER_GLOBAL_ACCENT_COLOR_NAME = AccentColor;
				CLANG_ENABLE_MODULES = YES;
				CODE_SIGN_ENTITLEMENTS = HotasRemapper/HotasRemapper.entitlements;
				CODE_SIGN_STYLE = Automatic;
				COMBINE_HIDPI_IMAGES = YES;
				CURRENT_PROJECT_VERSION = 1;
				DEVELOPMENT_ASSET_PATHS = "\"HotasRemapper/Preview Content\"";
				ENABLE_PREVIEWS = YES;
				GENERATE_INFOPLIST_FILE = YES;
				INFOPLIST_KEY_NSHumanReadableCopyright = "";
				LD_RUNPATH_SEARCH_PATHS = (
					"$(inherited)",
					"@executable_path/../Frameworks",
				);
				MARKETING_VERSION = 1.0;
				PRODUCT_BUNDLE_IDENTIFIER = com.flightsim.HotasRemapper;
				PRODUCT_NAME = "$(TARGET_NAME)";
				SWIFT_EMIT_LOC_STRINGS = YES;
				SWIFT_OBJC_BRIDGING_HEADER = "HotasRemapper/HotasRemapper-Bridging-Header.h";
				SWIFT_OPTIMIZATION_LEVEL = "-Onone";
				SWIFT_VERSION = 5.0;
			};
			name = Debug;
		};
		04EF9CEB2B39113700D37C37 /* Release */ = {
			isa = XCBuildConfiguration;
			buildSettings = {
				ASSETCATALOG_COMPILER_APPICON_NAME = AppIcon;
				ASSETCATALOG_COMPILER_GLOBAL_ACCENT_COLOR_NAME = AccentColor;
				CLANG_ENABLE_MODULES = YES;
				CODE_SIGN_ENTITLEMENTS = HotasRemapper/HotasRemapper.entitlements;
				CODE_SIGN_STYLE = Automatic;
				COMBINE_HIDPI_IMAGES = YES;
				CURRENT_PROJECT_VERSION = 1;
				DEVELOPMENT_ASSET_PATHS = "\"HotasRemapper/Preview Content\"";
				ENABLE_PREVIEWS = YES;
				GENERATE_INFOPLIST_FILE = YES;
				INFOPLIST_KEY_NSHumanReadableCopyright = "";
				LD_RUNPATH_SEARCH_PATHS = (
					"$(inherited)",
					"@executable_path/../Frameworks",
				);
				MARKETING_VERSION = 1.0;
				PRODUCT_BUNDLE_IDENTIFIER = com.flightsim.HotasRemapper;
				PRODUCT_NAME = "$(TARGET_NAME)";
				SWIFT_EMIT_LOC_STRINGS = YES;
				SWIFT_OBJC_BRIDGING_HEADER = "HotasRemapper/HotasRemapper-Bridging-Header.h";
				SWIFT_VERSION = 5.0;
			};
			name = Release;
		};
/* End XCBuildConfiguration section */

/* Begin XCConfigurationList section */
		04EF9CD52B39113700D37C37 /* Build configuration list for PBXProject "HotasRemapper" */ = {
			isa = XCConfigurationList;
			buildConfigurations = (
				04EF9CE72B39113700D37C37 /* Debug */,
				04EF9CE82B39113700D37C37 /* Release */,
			);
			defaultConfigurationIsVisible = 0;
			defaultConfigurationName = Release;
		};
		04EF9CE92B39113700D37C37 /* Build configuration list for PBXNativeTarget "HotasRemapper" */ = {
			isa = XCConfigurationList;
			buildConfigurations = (
				04EF9CEA2B39113700D37C37 /* Debug */,
				04EF9CEB2B39113700D37C37 /* Release */,
			);
			defaultConfigurationIsVisible = 0;
			defaultConfigurationName = Release;
		};
/* End XCConfigurationList section */
	};
	rootObject = 04EF9CD22B39113700D37C37 /* Project object */;
}
